
Microsoft Visual Studio Solution File, Format Version 12.00
# Visual Studio Version 17
VisualStudioVersion = 17.14.36518.9 d17.14
MinimumVisualStudioVersion = 10.0.40219.1
Project("{FAE04EC0-301F-11D3-BF4B-00C04F79EFBC}") = "Lecture 7", "Lecture 7\Lecture 7.csproj", "{FB127060-9D83-4811-8635-8EDB57390E0A}"
EndProject
Global
	GlobalSection(SolutionConfigurationPlatforms) = preSolution
		Debug|Any CPU = Debug|Any CPU
		Release|Any CPU = Release|Any CPU
	EndGlobalSection
	GlobalSection(ProjectConfigurationPlatforms) = postSolution
		{FB127060-9D83-4811-8635-8EDB57390E0A}.Debug|Any CPU.ActiveCfg = Debug|Any CPU
		{FB127060-9D83-4811-8635-8EDB57390E0A}.Debug|Any CPU.Build.0 = Debug|Any CPU
		{FB127060-9D83-4811-8635-8EDB57390E0A}.Release|Any CPU.ActiveCfg = Release|Any CPU
		{FB127060-9D83-4811-8635-8EDB57390E0A}.Release|Any CPU.Build.0 = Release|Any CPU
	EndGlobalSection
	GlobalSection(SolutionProperties) = preSolution
		HideSolutionNode = FALSE
	EndGlobalSection
	GlobalSection(ExtensibilityGlobals) = postSolution
		SolutionGuid = {33FAC2E8-1BAD-44DB-8AAD-4FF6E8A59D05}
	EndGlobalSection
EndGlobal
