
Microsoft Visual Studio Solution File, Format Version 12.00
# Visual Studio Version 17
VisualStudioVersion = 17.14.36518.9 d17.14
MinimumVisualStudioVersion = 10.0.40219.1
Project("{FAE04EC0-301F-11D3-BF4B-00C04F79EFBC}") = "Работа с текстом", "Работа с текстом\Работа с текстом.csproj", "{2BC8DC3F-5829-4DC3-BDA2-B43BC49E3A94}"
EndProject
Global
	GlobalSection(SolutionConfigurationPlatforms) = preSolution
		Debug|Any CPU = Debug|Any CPU
		Release|Any CPU = Release|Any CPU
	EndGlobalSection
	GlobalSection(ProjectConfigurationPlatforms) = postSolution
		{2BC8DC3F-5829-4DC3-BDA2-B43BC49E3A94}.Debug|Any CPU.ActiveCfg = Debug|Any CPU
		{2BC8DC3F-5829-4DC3-BDA2-B43BC49E3A94}.Debug|Any CPU.Build.0 = Debug|Any CPU
		{2BC8DC3F-5829-4DC3-BDA2-B43BC49E3A94}.Release|Any CPU.ActiveCfg = Release|Any CPU
		{2BC8DC3F-5829-4DC3-BDA2-B43BC49E3A94}.Release|Any CPU.Build.0 = Release|Any CPU
	EndGlobalSection
	GlobalSection(SolutionProperties) = preSolution
		HideSolutionNode = FALSE
	EndGlobalSection
	GlobalSection(ExtensibilityGlobals) = postSolution
		SolutionGuid = {73FC9478-CD2E-4672-AC31-B2DA50EE4379}
	EndGlobalSection
EndGlobal
