
Microsoft Visual Studio Solution File, Format Version 12.00
Project("{FAE04EC0-301F-11D3-BF4B-00C04F79EFBC}") = "Sharifjon", "Sharifjon\Sharifjon.csproj", "{0E04E397-6319-4CD1-9F38-B8CF54218251}"
EndProject
Global
	GlobalSection(SolutionConfigurationPlatforms) = preSolution
		Debug|Any CPU = Debug|Any CPU
		Release|Any CPU = Release|Any CPU
	EndGlobalSection
	GlobalSection(ProjectConfigurationPlatforms) = postSolution
		{0E04E397-6319-4CD1-9F38-B8CF54218251}.Debug|Any CPU.ActiveCfg = Debug|Any CPU
		{0E04E397-6319-4CD1-9F38-B8CF54218251}.Debug|Any CPU.Build.0 = Debug|Any CPU
		{0E04E397-6319-4CD1-9F38-B8CF54218251}.Release|Any CPU.ActiveCfg = Release|Any CPU
		{0E04E397-6319-4CD1-9F38-B8CF54218251}.Release|Any CPU.Build.0 = Release|Any CPU
	EndGlobalSection
EndGlobal
